<?xml version="1.0" encoding="utf-8"?>
<Project ToolsVersion="4.0" xmlns="http://schemas.microsoft.com/developer/msbuild/2003">
  <ItemGroup>
    <Filter Include="Source Files">
      <UniqueIdentifier>{4FC737F1-C7A5-4376-A066-2A32D752A2FF}</UniqueIdentifier>
      <Extensions>cpp;c;cc;cxx;c++;cppm;ixx;def;odl;idl;hpj;bat;asm;asmx</Extensions>
    </Filter>
    <Filter Include="Header Files">
      <UniqueIdentifier>{93995380-89BD-4b04-88EB-625FBE52EBFB}</UniqueIdentifier>
      <Extensions>h;hh;hpp;hxx;h++;hm;inl;inc;ipp;xsd</Extensions>
    </Filter>
    <Filter Include="Resource Files">
      <UniqueIdentifier>{67DA6AB6-F800-4c08-8B7A-83BB121AAD01}</UniqueIdentifier>
      <Extensions>rc;ico;cur;bmp;dlg;rc2;rct;bin;rgs;gif;jpg;jpeg;jpe;resx;tiff;tif;png;wav;mfcribbon-ms</Extensions>
    </Filter>
    <Filter Include="Shaders">
      <UniqueIdentifier>{cbf3b65a-ee98-46df-b986-87e875bddc0c}</UniqueIdentifier>
    </Filter>
  </ItemGroup>
  <ItemGroup>
    <ClCompile Include="main.cpp">
      <Filter>Source Files</Filter>
    </ClCompile>
    <ClCompile Include="src\Exporter.cpp">
      <Filter>Source Files</Filter>
    </ClCompile>
    <ClCompile Include="src\FileManager.cpp">
      <Filter>Source Files</Filter>
    </ClCompile>
    <ClCompile Include="src\ProgramArgs.cpp">
      <Filter>Source Files</Filter>
    </ClCompile>
    <ClCompile Include="src\DXTCompression.cpp">
      <Filter>Source Files</Filter>
    </ClCompile>
    <ClCompile Include="src\SMBFile.cpp">
      <Filter>Source Files</Filter>
    </ClCompile>
    <ClCompile Include="src\SMBTexture.cpp">
      <Filter>Source Files</Filter>
    </ClCompile>
    <ClCompile Include="src\AppTexture.cpp">
      <Filter>Source Files</Filter>
    </ClCompile>
    <ClCompile Include="src\ApplicationLoop.cpp">
      <Filter>Source Files</Filter>
    </ClCompile>
    <ClCompile Include="src\ThreadManager.cpp">
      <Filter>Source Files</Filter>
    </ClCompile>
    <ClCompile Include="src\GenericObject.cpp">
      <Filter>Source Files</Filter>
    </ClCompile>
    <ClCompile Include="src\WindowManager.cpp">
      <Filter>Source Files</Filter>
    </ClCompile>
    <ClCompile Include="src\TextManager.cpp">
      <Filter>Source Files</Filter>
    </ClCompile>
    <ClCompile Include="src\AppTextureImpl.cpp">
      <Filter>Source Files</Filter>
    </ClCompile>
    <ClCompile Include="src\Camera.cpp">
      <Filter>Source Files</Filter>
    </ClCompile>
    <ClCompile Include="src\Mesh.cpp">
      <Filter>Source Files</Filter>
    </ClCompile>
    <ClCompile Include="src\LTM.cpp">
      <Filter>Source Files</Filter>
    </ClCompile>
    <ClCompile Include="src\RenderInstance.cpp">
      <Filter>Source Files</Filter>
    </ClCompile>
    <ClCompile Include="src\ResourceDependencies.cpp">
      <Filter>Source Files</Filter>
    </ClCompile>
    <ClCompile Include="src\ShaderResourceSet.cpp">
      <Filter>Source Files</Filter>
    </ClCompile>
  </ItemGroup>
  <ItemGroup>
    <ClInclude Include="include\Exporter.h">
      <Filter>Header Files</Filter>
    </ClInclude>
    <ClInclude Include="include\FileManager.h">
      <Filter>Header Files</Filter>
    </ClInclude>
    <ClInclude Include="include\ProgramArgs.h">
      <Filter>Header Files</Filter>
    </ClInclude>
    <ClInclude Include="include\DXTCompression.h">
      <Filter>Header Files</Filter>
    </ClInclude>
    <ClInclude Include="include\SMBFile.h">
      <Filter>Header Files</Filter>
    </ClInclude>
    <ClInclude Include="include\SMBTexture.h">
      <Filter>Header Files</Filter>
    </ClInclude>
    <ClInclude Include="include\VertexTypes.h">
      <Filter>Header Files</Filter>
    </ClInclude>
    <ClInclude Include="include\AppTexture.h">
      <Filter>Header Files</Filter>
    </ClInclude>
    <ClInclude Include="include\ApplicationLoop.h">
      <Filter>Header Files</Filter>
    </ClInclude>
    <ClInclude Include="include\ThreadManager.h">
      <Filter>Header Files</Filter>
    </ClInclude>
    <ClInclude Include="include\GenericObject.h">
      <Filter>Header Files</Filter>
    </ClInclude>
    <ClInclude Include="include\AppTypes.h">
      <Filter>Header Files</Filter>
    </ClInclude>
    <ClInclude Include="include\WindowManager.h">
      <Filter>Header Files</Filter>
    </ClInclude>
    <ClInclude Include="include\TextManager.h">
      <Filter>Header Files</Filter>
    </ClInclude>
    <ClInclude Include="include\AppTextureImpl.h">
      <Filter>Header Files</Filter>
    </ClInclude>
    <ClInclude Include="include\TextureData.h">
      <Filter>Header Files</Filter>
    </ClInclude>
    <ClInclude Include="include\MathTypes.h">
      <Filter>Header Files</Filter>
    </ClInclude>
    <ClInclude Include="include\Camera.h">
      <Filter>Header Files</Filter>
    </ClInclude>
    <ClInclude Include="include\Mesh.h">
      <Filter>Header Files</Filter>
    </ClInclude>
    <ClInclude Include="include\LTM.h">
      <Filter>Header Files</Filter>
    </ClInclude>
    <ClInclude Include="include\RenderInstance.h">
      <Filter>Header Files</Filter>
    </ClInclude>
    <ClInclude Include="include\ResourceDependencies.h">
      <Filter>Header Files</Filter>
    </ClInclude>
    <ClInclude Include="include\ShaderResourceSet.h">
      <Filter>Header Files</Filter>
    </ClInclude>
  </ItemGroup>
  <ItemGroup>
    <Text Include="SMBUnarchiverNotes.txt" />
  </ItemGroup>
  <ItemGroup>
    <None Include="shadercompile.bat" />
    <None Include="shaders\3dtexturedInstanced.vert">
      <Filter>Shaders</Filter>
    </None>
  </ItemGroup>
  <ItemGroup>
    <EmbeddedResource Include="shaders\3dtextured.frag">
      <Filter>Shaders</Filter>
    </EmbeddedResource>
    <EmbeddedResource Include="shaders\3dtextured.vert">
      <Filter>Shaders</Filter>
    </EmbeddedResource>
    <EmbeddedResource Include="shaders\mesh_interpolate.comp">
      <Filter>Shaders</Filter>
    </EmbeddedResource>
    <EmbeddedResource Include="shaders\polynomialimage.comp">
      <Filter>Shaders</Filter>
    </EmbeddedResource>
    <EmbeddedResource Include="shaders\text.frag">
      <Filter>Shaders</Filter>
    </EmbeddedResource>
    <EmbeddedResource Include="shaders\text.vert">
      <Filter>Shaders</Filter>
    </EmbeddedResource>
    <EmbeddedResource Include="shaders\typicalfrag.frag">
      <Filter>Shaders</Filter>
    </EmbeddedResource>
    <EmbeddedResource Include="shaders\typicaltextured.frag">
      <Filter>Shaders</Filter>
    </EmbeddedResource>
    <EmbeddedResource Include="shaders\typicaltextured.vert">
      <Filter>Shaders</Filter>
    </EmbeddedResource>
    <EmbeddedResource Include="shaders\typicalvert.vert">
      <Filter>Shaders</Filter>
    </EmbeddedResource>
  </ItemGroup>
  <ItemGroup>
    <Xml Include="shaders\layouts\3DTexturedLayout.xml">
      <Filter>Shaders</Filter>
    </Xml>
    <Xml Include="shaders\layouts\TextLayout.xml">
      <Filter>Shaders</Filter>
    </Xml>
    <Xml Include="shaders\layouts\PolynomialLayout.xml">
      <Filter>Shaders</Filter>
    </Xml>
    <Xml Include="shaders\layouts\InterpolateMeshLayout.xml">
      <Filter>Shaders</Filter>
    </Xml>
    <Xml Include="shaders\layouts\GPUInstancing.xml">
      <Filter>Shaders</Filter>
    </Xml>
  </ItemGroup>
</Project>